
Microsoft Visual Studio Solution File, Format Version 12.00
# Visual Studio 15
VisualStudioVersion = 15.0.28010.2041
MinimumVisualStudioVersion = 10.0.40219.1
Project("{FAE04EC0-301F-11D3-BF4B-00C04F79EFBC}") = "AsyncAndAwait", "AsyncAndAwait\AsyncAndAwait.csproj", "{C2C76ADB-B4E3-4BEA-8C29-B644BFAB857E}"
EndProject
Global
	GlobalSection(SolutionConfigurationPlatforms) = preSolution
		Debug|Any CPU = Debug|Any CPU
		Release|Any CPU = Release|Any CPU
	EndGlobalSection
	GlobalSection(ProjectConfigurationPlatforms) = postSolution
		{C2C76ADB-B4E3-4BEA-8C29-B644BFAB857E}.Debug|Any CPU.ActiveCfg = Debug|Any CPU
		{C2C76ADB-B4E3-4BEA-8C29-B644BFAB857E}.Debug|Any CPU.Build.0 = Debug|Any CPU
		{C2C76ADB-B4E3-4BEA-8C29-B644BFAB857E}.Release|Any CPU.ActiveCfg = Release|Any CPU
		{C2C76ADB-B4E3-4BEA-8C29-B644BFAB857E}.Release|Any CPU.Build.0 = Release|Any CPU
	EndGlobalSection
	GlobalSection(SolutionProperties) = preSolution
		HideSolutionNode = FALSE
	EndGlobalSection
	GlobalSection(ExtensibilityGlobals) = postSolution
		SolutionGuid = {608C585E-6714-4FF4-ADB7-B7B0F7F013BD}
	EndGlobalSection
EndGlobal
