
Microsoft Visual Studio Solution File, Format Version 12.00
# Visual Studio 15
VisualStudioVersion = 15.0.28010.2041
MinimumVisualStudioVersion = 10.0.40219.1
Project("{FAE04EC0-301F-11D3-BF4B-00C04F79EFBC}") = "Linq2", "Linq2\Linq2.csproj", "{330E09F1-1CF8-4EA6-8AD3-C30514FED292}"
EndProject
Global
	GlobalSection(SolutionConfigurationPlatforms) = preSolution
		Debug|Any CPU = Debug|Any CPU
		Release|Any CPU = Release|Any CPU
	EndGlobalSection
	GlobalSection(ProjectConfigurationPlatforms) = postSolution
		{330E09F1-1CF8-4EA6-8AD3-C30514FED292}.Debug|Any CPU.ActiveCfg = Debug|Any CPU
		{330E09F1-1CF8-4EA6-8AD3-C30514FED292}.Debug|Any CPU.Build.0 = Debug|Any CPU
		{330E09F1-1CF8-4EA6-8AD3-C30514FED292}.Release|Any CPU.ActiveCfg = Release|Any CPU
		{330E09F1-1CF8-4EA6-8AD3-C30514FED292}.Release|Any CPU.Build.0 = Release|Any CPU
	EndGlobalSection
	GlobalSection(SolutionProperties) = preSolution
		HideSolutionNode = FALSE
	EndGlobalSection
	GlobalSection(ExtensibilityGlobals) = postSolution
		SolutionGuid = {6503D103-B72D-4CE2-9EDF-B5595969FAC2}
	EndGlobalSection
EndGlobal
