
Microsoft Visual Studio Solution File, Format Version 12.00
# Visual Studio 15
VisualStudioVersion = 15.0.28010.2041
MinimumVisualStudioVersion = 10.0.40219.1
Project("{FAE04EC0-301F-11D3-BF4B-00C04F79EFBC}") = "DzMobilki", "DzMobilki\DzMobilki.csproj", "{DD2DF4D7-E7DF-4346-92E0-40ED6E16D543}"
EndProject
Global
	GlobalSection(SolutionConfigurationPlatforms) = preSolution
		Debug|Any CPU = Debug|Any CPU
		Release|Any CPU = Release|Any CPU
	EndGlobalSection
	GlobalSection(ProjectConfigurationPlatforms) = postSolution
		{DD2DF4D7-E7DF-4346-92E0-40ED6E16D543}.Debug|Any CPU.ActiveCfg = Debug|Any CPU
		{DD2DF4D7-E7DF-4346-92E0-40ED6E16D543}.Debug|Any CPU.Build.0 = Debug|Any CPU
		{DD2DF4D7-E7DF-4346-92E0-40ED6E16D543}.Release|Any CPU.ActiveCfg = Release|Any CPU
		{DD2DF4D7-E7DF-4346-92E0-40ED6E16D543}.Release|Any CPU.Build.0 = Release|Any CPU
	EndGlobalSection
	GlobalSection(SolutionProperties) = preSolution
		HideSolutionNode = FALSE
	EndGlobalSection
	GlobalSection(ExtensibilityGlobals) = postSolution
		SolutionGuid = {D229703F-E593-4E06-99B4-43F7F8A9B121}
	EndGlobalSection
EndGlobal
